
Microsoft Visual Studio Solution File, Format Version 12.00
# Visual Studio Version 16
VisualStudioVersion = 16.0.30204.135
MinimumVisualStudioVersion = 10.0.40219.1
Project("{FAE04EC0-301F-11D3-BF4B-00C04F79EFBC}") = "GameServer", "GameServer.csproj", "{08987445-D32A-4A51-A0F2-4784459B174B}"
EndProject
Global
	GlobalSection(SolutionConfigurationPlatforms) = preSolution
		Debug|Any CPU = Debug|Any CPU
		Release|Any CPU = Release|Any CPU
	EndGlobalSection
	GlobalSection(ProjectConfigurationPlatforms) = postSolution
		{08987445-D32A-4A51-A0F2-4784459B174B}.Debug|Any CPU.ActiveCfg = Debug|Any CPU
		{08987445-D32A-4A51-A0F2-4784459B174B}.Debug|Any CPU.Build.0 = Debug|Any CPU
		{08987445-D32A-4A51-A0F2-4784459B174B}.Release|Any CPU.ActiveCfg = Release|Any CPU
		{08987445-D32A-4A51-A0F2-4784459B174B}.Release|Any CPU.Build.0 = Release|Any CPU
	EndGlobalSection
	GlobalSection(SolutionProperties) = preSolution
		HideSolutionNode = FALSE
	EndGlobalSection
	GlobalSection(ExtensibilityGlobals) = postSolution
		SolutionGuid = {814EF704-12C1-4F4B-BB6B-597A9441F43B}
	EndGlobalSection
EndGlobal
